GEM
  remote: https://rubygems.org/
  specs:
    gum (0.3.0)
    gum (0.3.0-aarch64-linux)
    gum (0.3.0-arm64-darwin)
    gum (0.3.0-arm64-linux)
    gum (0.3.0-x86_64-darwin)
    gum (0.3.0-x86_64-linux)
    lipgloss (0.2.0)
    lipgloss (0.2.0-aarch64-linux-gnu)
    lipgloss (0.2.0-arm64-darwin)
    lipgloss (0.2.0-x86_64-darwin)
    lipgloss (0.2.0-x86_64-linux-gnu)

PLATFORMS
  aarch64-linux
  arm64-darwin
  arm64-linux
  ruby
  x86_64-darwin
  x86_64-linux

DEPENDENCIES
  gum (~> 0.3)
  lipgloss

BUNDLED WITH
   2.7.2
